
Microsoft Visual Studio Solution File, Format Version 12.00
# Visual Studio Version 16
VisualStudioVersion = 16.0.31702.278
MinimumVisualStudioVersion = 10.0.40219.1
Project("{FAE04EC0-301F-11D3-BF4B-00C04F79EFBC}") = "ProjetoIntegrador", "ProjetoIntegrador.csproj", "{01DFC46F-B43D-43D3-ADC0-63D9D1FB482A}"
EndProject
Global
	GlobalSection(SolutionConfigurationPlatforms) = preSolution
		Debug|Any CPU = Debug|Any CPU
		Release|Any CPU = Release|Any CPU
	EndGlobalSection
	GlobalSection(ProjectConfigurationPlatforms) = postSolution
		{01DFC46F-B43D-43D3-ADC0-63D9D1FB482A}.Debug|Any CPU.ActiveCfg = Debug|Any CPU
		{01DFC46F-B43D-43D3-ADC0-63D9D1FB482A}.Debug|Any CPU.Build.0 = Debug|Any CPU
		{01DFC46F-B43D-43D3-ADC0-63D9D1FB482A}.Release|Any CPU.ActiveCfg = Release|Any CPU
		{01DFC46F-B43D-43D3-ADC0-63D9D1FB482A}.Release|Any CPU.Build.0 = Release|Any CPU
	EndGlobalSection
	GlobalSection(SolutionProperties) = preSolution
		HideSolutionNode = FALSE
	EndGlobalSection
	GlobalSection(ExtensibilityGlobals) = postSolution
		SolutionGuid = {C439977B-67CC-4BA5-A072-795412113BAA}
	EndGlobalSection
EndGlobal
